// !$*UTF8*$!
{
	archiveVersion = 1;
	classes = {
	};
	objectVersion = 50;
	objects = {

/* Begin PBXBuildFile section */
		EBAC242F26169DAB00E5E7B1 /* CoreDataManger.swift in Sources */ = {isa = PBXBuildFile; fileRef = EBAC242E26169DAB00E5E7B1 /* CoreDataManger.swift */; };
		EBAC24352616A0E700E5E7B1 /* AudioListViewController.swift in Sources */ = {isa = PBXBuildFile; fileRef = EBAC24342616A0E700E5E7B1 /* AudioListViewController.swift */; };
		EBAC24382616AC0F00E5E7B1 /* PlaySoundViewController.swift in Sources */ = {isa = PBXBuildFile; fileRef = EBAC24372616AC0F00E5E7B1 /* PlaySoundViewController.swift */; };
		EBDAA59F2615E47E00D09BEC /* AppDelegate.swift in Sources */ = {isa = PBXBuildFile; fileRef = EBDAA59E2615E47E00D09BEC /* AppDelegate.swift */; };
		EBDAA5A12615E47E00D09BEC /* SceneDelegate.swift in Sources */ = {isa = PBXBuildFile; fileRef = EBDAA5A02615E47E00D09BEC /* SceneDelegate.swift */; };
		EBDAA5A32615E47E00D09BEC /* ViewController.swift in Sources */ = {isa = PBXBuildFile; fileRef = EBDAA5A22615E47E00D09BEC /* ViewController.swift */; };
		EBDAA5A62615E47E00D09BEC /* Main.storyboard in Resources */ = {isa = PBXBuildFile; fileRef = EBDAA5A42615E47E00D09BEC /* Main.storyboard */; };
		EBDAA5A92615E47E00D09BEC /* AudioRecorder.xcdatamodeld in Sources */ = {isa = PBXBuildFile; fileRef = EBDAA5A72615E47E00D09BEC /* AudioRecorder.xcdatamodeld */; };
		EBDAA5AB2615E47F00D09BEC /* Assets.xcassets in Resources */ = {isa = PBXBuildFile; fileRef = EBDAA5AA2615E47F00D09BEC /* Assets.xcassets */; };
		EBDAA5AE2615E47F00D09BEC /* LaunchScreen.storyboard in Resources */ = {isa = PBXBuildFile; fileRef = EBDAA5AC2615E47F00D09BEC /* LaunchScreen.storyboard */; };
		EBDAA5B82615F44500D09BEC /* SoundModel.swift in Sources */ = {isa = PBXBuildFile; fileRef = EBDAA5B72615F44500D09BEC /* SoundModel.swift */; };
/* End PBXBuildFile section */

/* Begin PBXFileReference section */
		EBAC242E26169DAB00E5E7B1 /* CoreDataManger.swift */ = {isa = PBXFileReference; lastKnownFileType = sourcecode.swift; path = CoreDataManger.swift; sourceTree = "<group>"; };
		EBAC24342616A0E700E5E7B1 /* AudioListViewController.swift */ = {isa = PBXFileReference; lastKnownFileType = sourcecode.swift; path = AudioListViewController.swift; sourceTree = "<group>"; };
		EBAC24372616AC0F00E5E7B1 /* PlaySoundViewController.swift */ = {isa = PBXFileReference; lastKnownFileType = sourcecode.swift; path = PlaySoundViewController.swift; sourceTree = "<group>"; };
		EBDAA59B2615E47E00D09BEC /* AudioRecorder.app */ = {isa = PBXFileReference; explicitFileType = wrapper.application; includeInIndex = 0; path = AudioRecorder.app; sourceTree = BUILT_PRODUCTS_DIR; };
		EBDAA59E2615E47E00D09BEC /* AppDelegate.swift */ = {isa = PBXFileReference; lastKnownFileType = sourcecode.swift; path = AppDelegate.swift; sourceTree = "<group>"; };
		EBDAA5A02615E47E00D09BEC /* SceneDelegate.swift */ = {isa = PBXFileReference; lastKnownFileType = sourcecode.swift; path = SceneDelegate.swift; sourceTree = "<group>"; };
		EBDAA5A22615E47E00D09BEC /* ViewController.swift */ = {isa = PBXFileReference; lastKnownFileType = sourcecode.swift; path = ViewController.swift; sourceTree = "<group>"; };
		EBDAA5A52615E47E00D09BEC /* Base */ = {isa = PBXFileReference; lastKnownFileType = file.storyboard; name = Base; path = Base.lproj/Main.storyboard; sourceTree = "<group>"; };
		EBDAA5A82615E47E00D09BEC /* AudioRecorder.xcdatamodel */ = {isa = PBXFileReference; lastKnownFileType = wrapper.xcdatamodel; path = AudioRecorder.xcdatamodel; sourceTree = "<group>"; };
		EBDAA5AA2615E47F00D09BEC /* Assets.xcassets */ = {isa = PBXFileReference; lastKnownFileType = folder.assetcatalog; path = Assets.xcassets; sourceTree = "<group>"; };
		EBDAA5AD2615E47F00D09BEC /* Base */ = {isa = PBXFileReference; lastKnownFileType = file.storyboard; name = Base; path = Base.lproj/LaunchScreen.storyboard; sourceTree = "<group>"; };
		EBDAA5AF2615E47F00D09BEC /* Info.plist */ = {isa = PBXFileReference; lastKnownFileType = text.plist.xml; path = Info.plist; sourceTree = "<group>"; };
		EBDAA5B72615F44500D09BEC /* SoundModel.swift */ = {isa = PBXFileReference; lastKnownFileType = sourcecode.swift; path = SoundModel.swift; sourceTree = "<group>"; };
/* End PBXFileReference section */

/* Begin PBXFrameworksBuildPhase section */
		EBDAA5982615E47E00D09BEC /* Frameworks */ = {
			isa = PBXFrameworksBuildPhase;
			buildActionMask = 2147483647;
			files = (
			);
			runOnlyForDeploymentPostprocessing = 0;
		};
/* End PBXFrameworksBuildPhase section */

/* Begin PBXGroup section */
		EBAC242D26169D8D00E5E7B1 /* CoreDataHelper */ = {
			isa = PBXGroup;
			children = (
				EBAC242E26169DAB00E5E7B1 /* CoreDataManger.swift */,
			);
			path = CoreDataHelper;
			sourceTree = "<group>";
		};
		EBAC24322616A02000E5E7B1 /* Controllers */ = {
			isa = PBXGroup;
			children = (
				EBDAA5A22615E47E00D09BEC /* ViewController.swift */,
				EBAC24342616A0E700E5E7B1 /* AudioListViewController.swift */,
				EBAC24372616AC0F00E5E7B1 /* PlaySoundViewController.swift */,
			);
			path = Controllers;
			sourceTree = "<group>";
		};
		EBDAA5922615E47E00D09BEC = {
			isa = PBXGroup;
			children = (
				EBDAA59D2615E47E00D09BEC /* AudioRecorder */,
				EBDAA59C2615E47E00D09BEC /* Products */,
			);
			sourceTree = "<group>";
		};
		EBDAA59C2615E47E00D09BEC /* Products */ = {
			isa = PBXGroup;
			children = (
				EBDAA59B2615E47E00D09BEC /* AudioRecorder.app */,
			);
			name = Products;
			sourceTree = "<group>";
		};
		EBDAA59D2615E47E00D09BEC /* AudioRecorder */ = {
			isa = PBXGroup;
			children = (
				EBAC24322616A02000E5E7B1 /* Controllers */,
				EBAC242D26169D8D00E5E7B1 /* CoreDataHelper */,
				EBDAA5B62615F42500D09BEC /* Models */,
				EBDAA59E2615E47E00D09BEC /* AppDelegate.swift */,
				EBDAA5A02615E47E00D09BEC /* SceneDelegate.swift */,
				EBDAA5A42615E47E00D09BEC /* Main.storyboard */,
				EBDAA5AA2615E47F00D09BEC /* Assets.xcassets */,
				EBDAA5AC2615E47F00D09BEC /* LaunchScreen.storyboard */,
				EBDAA5AF2615E47F00D09BEC /* Info.plist */,
				EBDAA5A72615E47E00D09BEC /* AudioRecorder.xcdatamodeld */,
			);
			path = AudioRecorder;
			sourceTree = "<group>";
		};
		EBDAA5B62615F42500D09BEC /* Models */ = {
			isa = PBXGroup;
			children = (
				EBDAA5B72615F44500D09BEC /* SoundModel.swift */,
			);
			path = Models;
			sourceTree = "<group>";
		};
/* End PBXGroup section */

/* Begin PBXNativeTarget section */
		EBDAA59A2615E47E00D09BEC /* AudioRecorder */ = {
			isa = PBXNativeTarget;
			buildConfigurationList = EBDAA5B22615E47F00D09BEC /* Build configuration list for PBXNativeTarget "AudioRecorder" */;
			buildPhases = (
				EBDAA5972615E47E00D09BEC /* Sources */,
				EBDAA5982615E47E00D09BEC /* Frameworks */,
				EBDAA5992615E47E00D09BEC /* Resources */,
			);
			buildRules = (
			);
			dependencies = (
			);
			name = AudioRecorder;
			productName = AudioRecorder;
			productReference = EBDAA59B2615E47E00D09BEC /* AudioRecorder.app */;
			productType = "com.apple.product-type.application";
		};
/* End PBXNativeTarget section */

/* Begin PBXProject section */
		EBDAA5932615E47E00D09BEC /* Project object */ = {
			isa = PBXProject;
			attributes = {
				LastSwiftUpdateCheck = 1220;
				LastUpgradeCheck = 1220;
				TargetAttributes = {
					EBDAA59A2615E47E00D09BEC = {
						CreatedOnToolsVersion = 12.2;
					};
				};
			};
			buildConfigurationList = EBDAA5962615E47E00D09BEC /* Build configuration list for PBXProject "AudioRecorder" */;
			compatibilityVersion = "Xcode 9.3";
			developmentRegion = en;
			hasScannedForEncodings = 0;
			knownRegions = (
				en,
				Base,
			);
			mainGroup = EBDAA5922615E47E00D09BEC;
			productRefGroup = EBDAA59C2615E47E00D09BEC /* Products */;
			projectDirPath = "";
			projectRoot = "";
			targets = (
				EBDAA59A2615E47E00D09BEC /* AudioRecorder */,
			);
		};
/* End PBXProject section */

/* Begin PBXResourcesBuildPhase section */
		EBDAA5992615E47E00D09BEC /* Resources */ = {
			isa = PBXResourcesBuildPhase;
			buildActionMask = 2147483647;
			files = (
				EBDAA5AE2615E47F00D09BEC /* LaunchScreen.storyboard in Resources */,
				EBDAA5AB2615E47F00D09BEC /* Assets.xcassets in Resources */,
				EBDAA5A62615E47E00D09BEC /* Main.storyboard in Resources */,
			);
			runOnlyForDeploymentPostprocessing = 0;
		};
/* End PBXResourcesBuildPhase section */

/* Begin PBXSourcesBuildPhase section */
		EBDAA5972615E47E00D09BEC /* Sources */ = {
			isa = PBXSourcesBuildPhase;
			buildActionMask = 2147483647;
			files = (
				EBAC24352616A0E700E5E7B1 /* AudioListViewController.swift in Sources */,
				EBDAA5A32615E47E00D09BEC /* ViewController.swift in Sources */,
				EBDAA59F2615E47E00D09BEC /* AppDelegate.swift in Sources */,
				EBDAA5B82615F44500D09BEC /* SoundModel.swift in Sources */,
				EBDAA5A92615E47E00D09BEC /* AudioRecorder.xcdatamodeld in Sources */,
				EBAC242F26169DAB00E5E7B1 /* CoreDataManger.swift in Sources */,
				EBAC24382616AC0F00E5E7B1 /* PlaySoundViewController.swift in Sources */,
				EBDAA5A12615E47E00D09BEC /* SceneDelegate.swift in Sources */,
			);
			runOnlyForDeploymentPostprocessing = 0;
		};
/* End PBXSourcesBuildPhase section */

/* Begin PBXVariantGroup section */
		EBDAA5A42615E47E00D09BEC /* Main.storyboard */ = {
			isa = PBXVariantGroup;
			children = (
				EBDAA5A52615E47E00D09BEC /* Base */,
			);
			name = Main.storyboard;
			sourceTree = "<group>";
		};
		EBDAA5AC2615E47F00D09BEC /* LaunchScreen.storyboard */ = {
			isa = PBXVariantGroup;
			children = (
				EBDAA5AD2615E47F00D09BEC /* Base */,
			);
			name = LaunchScreen.storyboard;
			sourceTree = "<group>";
		};
/* End PBXVariantGroup section */

/* Begin XCBuildConfiguration section */
		EBDAA5B02615E47F00D09BEC /* Debug */ = {
			isa = XCBuildConfiguration;
			buildSettings = {
				ALWAYS_SEARCH_USER_PATHS = NO;
				CLANG_ANALYZER_NONNULL = YES;
				CLANG_ANALYZER_NUMBER_OBJECT_CONVERSION = YES_AGGRESSIVE;
				CLANG_CXX_LANGUAGE_STANDARD = "gnu++14";
				CLANG_CXX_LIBRARY = "libc++";
				CLANG_ENABLE_MODULES = YES;
				CLANG_ENABLE_OBJC_ARC = YES;
				CLANG_ENABLE_OBJC_WEAK = YES;
				CLANG_WARN_BLOCK_CAPTURE_AUTORELEASING = YES;
				CLANG_WARN_BOOL_CONVERSION = YES;
				CLANG_WARN_COMMA = YES;
				CLANG_WARN_CONSTANT_CONVERSION = YES;
				CLANG_WARN_DEPRECATED_OBJC_IMPLEMENTATIONS = YES;
				CLANG_WARN_DIRECT_OBJC_ISA_USAGE = YES_ERROR;
				CLANG_WARN_DOCUMENTATION_COMMENTS = YES;
				CLANG_WARN_EMPTY_BODY = YES;
				CLANG_WARN_ENUM_CONVERSION = YES;
				CLANG_WARN_INFINITE_RECURSION = YES;
				CLANG_WARN_INT_CONVERSION = YES;
				CLANG_WARN_NON_LITERAL_NULL_CONVERSION = YES;
				CLANG_WARN_OBJC_IMPLICIT_RETAIN_SELF = YES;
				CLANG_WARN_OBJC_LITERAL_CONVERSION = YES;
				CLANG_WARN_OBJC_ROOT_CLASS = YES_ERROR;
				CLANG_WARN_QUOTED_INCLUDE_IN_FRAMEWORK_HEADER = YES;
				CLANG_WARN_RANGE_LOOP_ANALYSIS = YES;
				CLANG_WARN_STRICT_PROTOTYPES = YES;
				CLANG_WARN_SUSPICIOUS_MOVE = YES;
				CLANG_WARN_UNGUARDED_AVAILABILITY = YES_AGGRESSIVE;
				CLANG_WARN_UNREACHABLE_CODE = YES;
				CLANG_WARN__DUPLICATE_METHOD_MATCH = YES;
				COPY_PHASE_STRIP = NO;
				DEBUG_INFORMATION_FORMAT = dwarf;
				ENABLE_STRICT_OBJC_MSGSEND = YES;
				ENABLE_TESTABILITY = YES;
				GCC_C_LANGUAGE_STANDARD = gnu11;
				GCC_DYNAMIC_NO_PIC = NO;
				GCC_NO_COMMON_BLOCKS = YES;
				GCC_OPTIMIZATION_LEVEL = 0;
				GCC_PREPROCESSOR_DEFINITIONS = (
					"DEBUG=1",
					"$(inherited)",
				);
				GCC_WARN_64_TO_32_BIT_CONVERSION = YES;
				GCC_WARN_ABOUT_RETURN_TYPE = YES_ERROR;
				GCC_WARN_UNDECLARED_SELECTOR = YES;
				GCC_WARN_UNINITIALIZED_AUTOS = YES_AGGRESSIVE;
				GCC_WARN_UNUSED_FUNCTION = YES;
				GCC_WARN_UNUSED_VARIABLE = YES;
				IPHONEOS_DEPLOYMENT_TARGET = 14.2;
				MTL_ENABLE_DEBUG_INFO = INCLUDE_SOURCE;
				MTL_FAST_MATH = YES;
				ONLY_ACTIVE_ARCH = YES;
				SDKROOT = iphoneos;
				SWIFT_ACTIVE_COMPILATION_CONDITIONS = DEBUG;
				SWIFT_OPTIMIZATION_LEVEL = "-Onone";
			};
			name = Debug;
		};
		EBDAA5B12615E47F00D09BEC /* Release */ = {
			isa = XCBuildConfiguration;
			buildSettings = {
				ALWAYS_SEARCH_USER_PATHS = NO;
				CLANG_ANALYZER_NONNULL = YES;
				CLANG_ANALYZER_NUMBER_OBJECT_CONVERSION = YES_AGGRESSIVE;
				CLANG_CXX_LANGUAGE_STANDARD = "gnu++14";
				CLANG_CXX_LIBRARY = "libc++";
				CLANG_ENABLE_MODULES = YES;
				CLANG_ENABLE_OBJC_ARC = YES;
				CLANG_ENABLE_OBJC_WEAK = YES;
				CLANG_WARN_BLOCK_CAPTURE_AUTORELEASING = YES;
				CLANG_WARN_BOOL_CONVERSION = YES;
				CLANG_WARN_COMMA = YES;
				CLANG_WARN_CONSTANT_CONVERSION = YES;
				CLANG_WARN_DEPRECATED_OBJC_IMPLEMENTATIONS = YES;
				CLANG_WARN_DIRECT_OBJC_ISA_USAGE = YES_ERROR;
				CLANG_WARN_DOCUMENTATION_COMMENTS = YES;
				CLANG_WARN_EMPTY_BODY = YES;
				CLANG_WARN_ENUM_CONVERSION = YES;
				CLANG_WARN_INFINITE_RECURSION = YES;
				CLANG_WARN_INT_CONVERSION = YES;
				CLANG_WARN_NON_LITERAL_NULL_CONVERSION = YES;
				CLANG_WARN_OBJC_IMPLICIT_RETAIN_SELF = YES;
				CLANG_WARN_OBJC_LITERAL_CONVERSION = YES;
				CLANG_WARN_OBJC_ROOT_CLASS = YES_ERROR;
				CLANG_WARN_QUOTED_INCLUDE_IN_FRAMEWORK_HEADER = YES;
				CLANG_WARN_RANGE_LOOP_ANALYSIS = YES;
				CLANG_WARN_STRICT_PROTOTYPES = YES;
				CLANG_WARN_SUSPICIOUS_MOVE = YES;
				CLANG_WARN_UNGUARDED_AVAILABILITY = YES_AGGRESSIVE;
				CLANG_WARN_UNREACHABLE_CODE = YES;
				CLANG_WARN__DUPLICATE_METHOD_MATCH = YES;
				COPY_PHASE_STRIP = NO;
				DEBUG_INFORMATION_FORMAT = "dwarf-with-dsym";
				ENABLE_NS_ASSERTIONS = NO;
				ENABLE_STRICT_OBJC_MSGSEND = YES;
				GCC_C_LANGUAGE_STANDARD = gnu11;
				GCC_NO_COMMON_BLOCKS = YES;
				GCC_WARN_64_TO_32_BIT_CONVERSION = YES;
				GCC_WARN_ABOUT_RETURN_TYPE = YES_ERROR;
				GCC_WARN_UNDECLARED_SELECTOR = YES;
				GCC_WARN_UNINITIALIZED_AUTOS = YES_AGGRESSIVE;
				GCC_WARN_UNUSED_FUNCTION = YES;
				GCC_WARN_UNUSED_VARIABLE = YES;
				IPHONEOS_DEPLOYMENT_TARGET = 14.2;
				MTL_ENABLE_DEBUG_INFO = NO;
				MTL_FAST_MATH = YES;
				SDKROOT = iphoneos;
				SWIFT_COMPILATION_MODE = wholemodule;
				SWIFT_OPTIMIZATION_LEVEL = "-O";
				VALIDATE_PRODUCT = YES;
			};
			name = Release;
		};
		EBDAA5B32615E47F00D09BEC /* Debug */ = {
			isa = XCBuildConfiguration;
			buildSettings = {
				ASSETCATALOG_COMPILER_APPICON_NAME = AppIcon;
				ASSETCATALOG_COMPILER_GLOBAL_ACCENT_COLOR_NAME = AccentColor;
				CODE_SIGN_STYLE = Automatic;
				DEVELOPMENT_TEAM = K924X73642;
				INFOPLIST_FILE = AudioRecorder/Info.plist;
				LD_RUNPATH_SEARCH_PATHS = (
					"$(inherited)",
					"@executable_path/Frameworks",
				);
				PRODUCT_BUNDLE_IDENTIFIER = com.tanvirgeek.AudioRecorder;
				PRODUCT_NAME = "$(TARGET_NAME)";
				SWIFT_VERSION = 5.0;
				TARGETED_DEVICE_FAMILY = "1,2";
			};
			name = Debug;
		};
		EBDAA5B42615E47F00D09BEC /* Release */ = {
			isa = XCBuildConfiguration;
			buildSettings = {
				ASSETCATALOG_COMPILER_APPICON_NAME = AppIcon;
				ASSETCATALOG_COMPILER_GLOBAL_ACCENT_COLOR_NAME = AccentColor;
				CODE_SIGN_STYLE = Automatic;
				DEVELOPMENT_TEAM = K924X73642;
				INFOPLIST_FILE = AudioRecorder/Info.plist;
				LD_RUNPATH_SEARCH_PATHS = (
					"$(inherited)",
					"@executable_path/Frameworks",
				);
				PRODUCT_BUNDLE_IDENTIFIER = com.tanvirgeek.AudioRecorder;
				PRODUCT_NAME = "$(TARGET_NAME)";
				SWIFT_VERSION = 5.0;
				TARGETED_DEVICE_FAMILY = "1,2";
			};
			name = Release;
		};
/* End XCBuildConfiguration section */

/* Begin XCConfigurationList section */
		EBDAA5962615E47E00D09BEC /* Build configuration list for PBXProject "AudioRecorder" */ = {
			isa = XCConfigurationList;
			buildConfigurations = (
				EBDAA5B02615E47F00D09BEC /* Debug */,
				EBDAA5B12615E47F00D09BEC /* Release */,
			);
			defaultConfigurationIsVisible = 0;
			defaultConfigurationName = Release;
		};
		EBDAA5B22615E47F00D09BEC /* Build configuration list for PBXNativeTarget "AudioRecorder" */ = {
			isa = XCConfigurationList;
			buildConfigurations = (
				EBDAA5B32615E47F00D09BEC /* Debug */,
				EBDAA5B42615E47F00D09BEC /* Release */,
			);
			defaultConfigurationIsVisible = 0;
			defaultConfigurationName = Release;
		};
/* End XCConfigurationList section */

/* Begin XCVersionGroup section */
		EBDAA5A72615E47E00D09BEC /* AudioRecorder.xcdatamodeld */ = {
			isa = XCVersionGroup;
			children = (
				EBDAA5A82615E47E00D09BEC /* AudioRecorder.xcdatamodel */,
			);
			currentVersion = EBDAA5A82615E47E00D09BEC /* AudioRecorder.xcdatamodel */;
			path = AudioRecorder.xcdatamodeld;
			sourceTree = "<group>";
			versionGroupType = wrapper.xcdatamodel;
		};
/* End XCVersionGroup section */
	};
	rootObject = EBDAA5932615E47E00D09BEC /* Project object */;
}
